
Microsoft Visual Studio Solution File, Format Version 12.00
# Visual Studio 15
VisualStudioVersion = 15.0.28010.2026
MinimumVisualStudioVersion = 10.0.40219.1
Project("{FAE04EC0-301F-11D3-BF4B-00C04F79EFBC}") = "Keylogger", "Keylogger.csproj", "{36E00152-E073-4DA8-AA0C-375B6DD680C4}"
EndProject
Global
	GlobalSection(SolutionConfigurationPlatforms) = preSolution
		Debug|Any CPU = Debug|Any CPU
		Release|Any CPU = Release|Any CPU
	EndGlobalSection
	GlobalSection(ProjectConfigurationPlatforms) = postSolution
		{36E00152-E073-4DA8-AA0C-375B6DD680C4}.Debug|Any CPU.ActiveCfg = Debug|Any CPU
		{36E00152-E073-4DA8-AA0C-375B6DD680C4}.Debug|Any CPU.Build.0 = Debug|Any CPU
		{36E00152-E073-4DA8-AA0C-375B6DD680C4}.Release|Any CPU.ActiveCfg = Release|Any CPU
		{36E00152-E073-4DA8-AA0C-375B6DD680C4}.Release|Any CPU.Build.0 = Release|Any CPU
	EndGlobalSection
	GlobalSection(SolutionProperties) = preSolution
		HideSolutionNode = FALSE
	EndGlobalSection
	GlobalSection(ExtensibilityGlobals) = postSolution
		SolutionGuid = {E785C6ED-0F64-4458-8702-5A146D1DFCD9}
	EndGlobalSection
EndGlobal
